{
  "name": "json-unify",
  "version": "0.0.1",
  "lockfileVersion": 3,
  "requires": true,
  "packages": {
    "": {
      "name": "json-unify",
      "version": "0.0.1",
      "license": "Apache-2.0",
      "dependencies": {
        "@hyperjump/json-schema": "^1.4.1"
      }
    },
    "node_modules/@hyperjump/json-pointer": {
      "version": "1.0.1",
      "resolved": "https://registry.npmjs.org/@hyperjump/json-pointer/-/json-pointer-1.0.1.tgz",
      "integrity": "sha512-vV2pSc7JCwbKEMzh8kr/ICZdO+UZbA3aZ7N8t7leDi9cduWKa9yoP5LS04LnsbErlPbUNHvWBFlbTaR/o/uf7A==",
      "dependencies": {
        "just-curry-it": "^5.3.0"
      },
      "funding": {
        "type": "github",
        "url": "https://github.com/sponsors/jdesrosiers"
      }
    },
    "node_modules/@hyperjump/json-schema": {
      "version": "1.4.1",
      "resolved": "https://registry.npmjs.org/@hyperjump/json-schema/-/json-schema-1.4.1.tgz",
      "integrity": "sha512-VEnkcn7ra7CfgFnkoZdrjf1BhYz6etirXKwA/0Nw/W/MnfJOdIPIwWkSsZBe0lYZ5eXoZNT4QrdYTbVmVjRYzA==",
      "dependencies": {
        "@hyperjump/json-pointer": "^1.0.0",
        "@hyperjump/pact": "^0.2.4",
        "@hyperjump/uri": "^1.0.0",
        "content-type": "^1.0.4",
        "fastest-stable-stringify": "^2.0.2",
        "just-curry-it": "^5.3.0",
        "undici": "^5.19.1",
        "uuid": "^9.0.0"
      },
      "engines": {
        "node": ">=18.0.0"
      },
      "funding": {
        "type": "github",
        "url": "https://github.com/sponsors/jdesrosiers"
      }
    },
    "node_modules/@hyperjump/pact": {
      "version": "0.2.5",
      "resolved": "https://registry.npmjs.org/@hyperjump/pact/-/pact-0.2.5.tgz",
      "integrity": "sha512-93m7gLf40EI8svsKrdPc+KkLsngwX/2ld08xwc0PFioxJSxnfkx1BUHNJVjhG386UUYP6mNe+ZtmIiDXDJ4TQg==",
      "hasInstallScript": true,
      "dependencies": {
        "just-curry-it": "^3.1.0"
      },
      "funding": {
        "type": "github",
        "url": "https://github.com/sponsors/jdesrosiers"
      }
    },
    "node_modules/@hyperjump/pact/node_modules/just-curry-it": {
      "version": "3.2.1",
      "resolved": "https://registry.npmjs.org/just-curry-it/-/just-curry-it-3.2.1.tgz",
      "integrity": "sha512-Q8206k8pTY7krW32cdmPsP+DqqLgWx/hYPSj9/+7SYqSqz7UuwPbfSe07lQtvuuaVyiSJveXk0E5RydOuWwsEg=="
    },
    "node_modules/@hyperjump/uri": {
      "version": "1.1.0",
      "resolved": "https://registry.npmjs.org/@hyperjump/uri/-/uri-1.1.0.tgz",
      "integrity": "sha512-xAgs2jKcMpYtoSa81XmuTIzDGCutLwzwkC7sYc54Fl+a75BfiHIIynRdBSJe31kSOgsRaNXM7sHpzdi8v51XhQ==",
      "funding": {
        "type": "github",
        "url": "https://github.com/sponsors/jdesrosiers"
      }
    },
    "node_modules/busboy": {
      "version": "1.6.0",
      "resolved": "https://registry.npmjs.org/busboy/-/busboy-1.6.0.tgz",
      "integrity": "sha512-8SFQbg/0hQ9xy3UNTB0YEnsNBbWfhf7RtnzpL7TkBiTBRfrQ9Fxcnz7VJsleJpyp6rVLvXiuORqjlHi5q+PYuA==",
      "dependencies": {
        "streamsearch": "^1.1.0"
      },
      "engines": {
        "node": ">=10.16.0"
      }
    },
    "node_modules/content-type": {
      "version": "1.0.5",
      "resolved": "https://registry.npmjs.org/content-type/-/content-type-1.0.5.tgz",
      "integrity": "sha512-nTjqfcBFEipKdXCv4YDQWCfmcLZKm81ldF0pAopTvyrFGVbcR6P/VAAd5G7N+0tTr8QqiU0tFadD6FK4NtJwOA==",
      "engines": {
        "node": ">= 0.6"
      }
    },
    "node_modules/fastest-stable-stringify": {
      "version": "2.0.2",
      "resolved": "https://registry.npmjs.org/fastest-stable-stringify/-/fastest-stable-stringify-2.0.2.tgz",
      "integrity": "sha512-bijHueCGd0LqqNK9b5oCMHc0MluJAx0cwqASgbWMvkO01lCYgIhacVRLcaDz3QnyYIRNJRDwMb41VuT6pHJ91Q=="
    },
    "node_modules/just-curry-it": {
      "version": "5.3.0",
      "resolved": "https://registry.npmjs.org/just-curry-it/-/just-curry-it-5.3.0.tgz",
      "integrity": "sha512-silMIRiFjUWlfaDhkgSzpuAyQ6EX/o09Eu8ZBfmFwQMbax7+LQzeIU2CBrICT6Ne4l86ITCGvUCBpCubWYy0Yw=="
    },
    "node_modules/streamsearch": {
      "version": "1.1.0",
      "resolved": "https://registry.npmjs.org/streamsearch/-/streamsearch-1.1.0.tgz",
      "integrity": "sha512-Mcc5wHehp9aXz1ax6bZUyY5afg9u2rv5cqQI3mRrYkGC8rW2hM02jWuwjtL++LS5qinSyhj2QfLyNsuc+VsExg==",
      "engines": {
        "node": ">=10.0.0"
      }
    },
    "node_modules/undici": {
      "version": "5.21.0",
      "resolved": "https://registry.npmjs.org/undici/-/undici-5.21.0.tgz",
      "integrity": "sha512-HOjK8l6a57b2ZGXOcUsI5NLfoTrfmbOl90ixJDl0AEFG4wgHNDQxtZy15/ZQp7HhjkpaGlp/eneMgtsu1dIlUA==",
      "dependencies": {
        "busboy": "^1.6.0"
      },
      "engines": {
        "node": ">=12.18"
      }
    },
    "node_modules/uuid": {
      "version": "9.0.0",
      "resolved": "https://registry.npmjs.org/uuid/-/uuid-9.0.0.tgz",
      "integrity": "sha512-MXcSTerfPa4uqyzStbRoTgt5XIe3x5+42+q1sDuy3R5MDk66URdLMOZe5aPX/SQd+kuYAh0FdP/pO28IkQyTeg==",
      "bin": {
        "uuid": "dist/bin/uuid"
      }
    }
  }
}
